// !$*UTF8*$!
{
	archiveVersion = 1;
	classes = {
	};
	objectVersion = 77;
	objects = {

/* Begin PBXContainerItemProxy section */
		5BA55A802F02A90500CE8C6B /* PBXContainerItemProxy */ = {
			isa = PBXContainerItemProxy;
			containerPortal = 5BA55A6A2F02A90300CE8C6B /* Project object */;
			proxyType = 1;
			remoteGlobalIDString = 5BA55A712F02A90300CE8C6B;
			remoteInfo = iAngel;
		};
		5BA55A8A2F02A90500CE8C6B /* PBXContainerItemProxy */ = {
			isa = PBXContainerItemProxy;
			containerPortal = 5BA55A6A2F02A90300CE8C6B /* Project object */;
			proxyType = 1;
			remoteGlobalIDString = 5BA55A712F02A90300CE8C6B;
			remoteInfo = iAngel;
		};
/* End PBXContainerItemProxy section */

/* Begin PBXFileReference section */
		5BA55A722F02A90300CE8C6B /* iAngel.app */ = {isa = PBXFileReference; explicitFileType = wrapper.application; includeInIndex = 0; path = iAngel.app; sourceTree = BUILT_PRODUCTS_DIR; };
		5BA55A7F2F02A90500CE8C6B /* iAngelTests.xctest */ = {isa = PBXFileReference; explicitFileType = wrapper.cfbundle; includeInIndex = 0; path = iAngelTests.xctest; sourceTree = BUILT_PRODUCTS_DIR; };
		5BA55A892F02A90500CE8C6B /* iAngelUITests.xctest */ = {isa = PBXFileReference; explicitFileType = wrapper.cfbundle; includeInIndex = 0; path = iAngelUITests.xctest; sourceTree = BUILT_PRODUCTS_DIR; };
/* End PBXFileReference section */

/* Begin PBXFileSystemSynchronizedRootGroup section */
		5BA55A742F02A90300CE8C6B /* iAngel */ = {
			isa = PBXFileSystemSynchronizedRootGroup;
			path = iAngel;
			sourceTree = "<group>";
		};
		5BA55A822F02A90500CE8C6B /* iAngelTests */ = {
			isa = PBXFileSystemSynchronizedRootGroup;
			path = iAngelTests;
			sourceTree = "<group>";
		};
		5BA55A8C2F02A90500CE8C6B /* iAngelUITests */ = {
			isa = PBXFileSystemSynchronizedRootGroup;
			path = iAngelUITests;
			sourceTree = "<group>";
		};
/* End PBXFileSystemSynchronizedRootGroup section */

/* Begin PBXFrameworksBuildPhase section */
		5BA55A6F2F02A90300CE8C6B /* Frameworks */ = {
			isa = PBXFrameworksBuildPhase;
			buildActionMask = 2147483647;
			files = (
			);
			runOnlyForDeploymentPostprocessing = 0;
		};
		5BA55A7C2F02A90500CE8C6B /* Frameworks */ = {
			isa = PBXFrameworksBuildPhase;
			buildActionMask = 2147483647;
			files = (
			);
			runOnlyForDeploymentPostprocessing = 0;
		};
		5BA55A862F02A90500CE8C6B /* Frameworks */ = {
			isa = PBXFrameworksBuildPhase;
			buildActionMask = 2147483647;
			files = (
			);
			runOnlyForDeploymentPostprocessing = 0;
		};
/* End PBXFrameworksBuildPhase section */

/* Begin PBXGroup section */
		5BA55A692F02A90300CE8C6B = {
			isa = PBXGroup;
			children = (
				5BA55A742F02A90300CE8C6B /* iAngel */,
				5BA55A822F02A90500CE8C6B /* iAngelTests */,
				5BA55A8C2F02A90500CE8C6B /* iAngelUITests */,
				5BA55A732F02A90300CE8C6B /* Products */,
			);
			sourceTree = "<group>";
		};
		5BA55A732F02A90300CE8C6B /* Products */ = {
			isa = PBXGroup;
			children = (
				5BA55A722F02A90300CE8C6B /* iAngel.app */,
				5BA55A7F2F02A90500CE8C6B /* iAngelTests.xctest */,
				5BA55A892F02A90500CE8C6B /* iAngelUITests.xctest */,
			);
			name = Products;
			sourceTree = "<group>";
		};
/* End PBXGroup section */

/* Begin PBXNativeTarget section */
		5BA55A712F02A90300CE8C6B /* iAngel */ = {
			isa = PBXNativeTarget;
			buildConfigurationList = 5BA55A932F02A90500CE8C6B /* Build configuration list for PBXNativeTarget "iAngel" */;
			buildPhases = (
				5BA55A6E2F02A90300CE8C6B /* Sources */,
				5BA55A6F2F02A90300CE8C6B /* Frameworks */,
				5BA55A702F02A90300CE8C6B /* Resources */,
			);
			buildRules = (
			);
			dependencies = (
			);
			fileSystemSynchronizedGroups = (
				5BA55A742F02A90300CE8C6B /* iAngel */,
			);
			name = iAngel;
			packageProductDependencies = (
			);
			productName = iAngel;
			productReference = 5BA55A722F02A90300CE8C6B /* iAngel.app */;
			productType = "com.apple.product-type.application";
		};
		5BA55A7E2F02A90500CE8C6B /* iAngelTests */ = {
			isa = PBXNativeTarget;
			buildConfigurationList = 5BA55A962F02A90500CE8C6B /* Build configuration list for PBXNativeTarget "iAngelTests" */;
			buildPhases = (
				5BA55A7B2F02A90500CE8C6B /* Sources */,
				5BA55A7C2F02A90500CE8C6B /* Frameworks */,
				5BA55A7D2F02A90500CE8C6B /* Resources */,
			);
			buildRules = (
			);
			dependencies = (
				5BA55A812F02A90500CE8C6B /* PBXTargetDependency */,
			);
			fileSystemSynchronizedGroups = (
				5BA55A822F02A90500CE8C6B /* iAngelTests */,
			);
			name = iAngelTests;
			packageProductDependencies = (
			);
			productName = iAngelTests;
			productReference = 5BA55A7F2F02A90500CE8C6B /* iAngelTests.xctest */;
			productType = "com.apple.product-type.bundle.unit-test";
		};
		5BA55A882F02A90500CE8C6B /* iAngelUITests */ = {
			isa = PBXNativeTarget;
			buildConfigurationList = 5BA55A992F02A90500CE8C6B /* Build configuration list for PBXNativeTarget "iAngelUITests" */;
			buildPhases = (
				5BA55A852F02A90500CE8C6B /* Sources */,
				5BA55A862F02A90500CE8C6B /* Frameworks */,
				5BA55A872F02A90500CE8C6B /* Resources */,
			);
			buildRules = (
			);
			dependencies = (
				5BA55A8B2F02A90500CE8C6B /* PBXTargetDependency */,
			);
			fileSystemSynchronizedGroups = (
				5BA55A8C2F02A90500CE8C6B /* iAngelUITests */,
			);
			name = iAngelUITests;
			packageProductDependencies = (
			);
			productName = iAngelUITests;
			productReference = 5BA55A892F02A90500CE8C6B /* iAngelUITests.xctest */;
			productType = "com.apple.product-type.bundle.ui-testing";
		};
/* End PBXNativeTarget section */

/* Begin PBXProject section */
		5BA55A6A2F02A90300CE8C6B /* Project object */ = {
			isa = PBXProject;
			attributes = {
				BuildIndependentTargetsInParallel = 1;
				LastSwiftUpdateCheck = 1600;
				LastUpgradeCheck = 1600;
				TargetAttributes = {
					5BA55A712F02A90300CE8C6B = {
						CreatedOnToolsVersion = 16.0;
					};
					5BA55A7E2F02A90500CE8C6B = {
						CreatedOnToolsVersion = 16.0;
						TestTargetID = 5BA55A712F02A90300CE8C6B;
					};
					5BA55A882F02A90500CE8C6B = {
						CreatedOnToolsVersion = 16.0;
						TestTargetID = 5BA55A712F02A90300CE8C6B;
					};
				};
			};
			buildConfigurationList = 5BA55A6D2F02A90300CE8C6B /* Build configuration list for PBXProject "iAngel" */;
			developmentRegion = en;
			hasScannedForEncodings = 0;
			knownRegions = (
				en,
				Base,
			);
			mainGroup = 5BA55A692F02A90300CE8C6B;
			minimizedProjectReferenceProxies = 1;
			preferredProjectObjectVersion = 77;
			productRefGroup = 5BA55A732F02A90300CE8C6B /* Products */;
			projectDirPath = "";
			projectRoot = "";
			targets = (
				5BA55A712F02A90300CE8C6B /* iAngel */,
				5BA55A7E2F02A90500CE8C6B /* iAngelTests */,
				5BA55A882F02A90500CE8C6B /* iAngelUITests */,
			);
		};
/* End PBXProject section */

/* Begin PBXResourcesBuildPhase section */
		5BA55A702F02A90300CE8C6B /* Resources */ = {
			isa = PBXResourcesBuildPhase;
			buildActionMask = 2147483647;
			files = (
			);
			runOnlyForDeploymentPostprocessing = 0;
		};
		5BA55A7D2F02A90500CE8C6B /* Resources */ = {
			isa = PBXResourcesBuildPhase;
			buildActionMask = 2147483647;
			files = (
			);
			runOnlyForDeploymentPostprocessing = 0;
		};
		5BA55A872F02A90500CE8C6B /* Resources */ = {
			isa = PBXResourcesBuildPhase;
			buildActionMask = 2147483647;
			files = (
			);
			runOnlyForDeploymentPostprocessing = 0;
		};
/* End PBXResourcesBuildPhase section */

/* Begin PBXSourcesBuildPhase section */
		5BA55A6E2F02A90300CE8C6B /* Sources */ = {
			isa = PBXSourcesBuildPhase;
			buildActionMask = 2147483647;
			files = (
			);
			runOnlyForDeploymentPostprocessing = 0;
		};
		5BA55A7B2F02A90500CE8C6B /* Sources */ = {
			isa = PBXSourcesBuildPhase;
			buildActionMask = 2147483647;
			files = (
			);
			runOnlyForDeploymentPostprocessing = 0;
		};
		5BA55A852F02A90500CE8C6B /* Sources */ = {
			isa = PBXSourcesBuildPhase;
			buildActionMask = 2147483647;
			files = (
			);
			runOnlyForDeploymentPostprocessing = 0;
		};
/* End PBXSourcesBuildPhase section */

/* Begin PBXTargetDependency section */
		5BA55A812F02A90500CE8C6B /* PBXTargetDependency */ = {
			isa = PBXTargetDependency;
			target = 5BA55A712F02A90300CE8C6B /* iAngel */;
			targetProxy = 5BA55A802F02A90500CE8C6B /* PBXContainerItemProxy */;
		};
		5BA55A8B2F02A90500CE8C6B /* PBXTargetDependency */ = {
			isa = PBXTargetDependency;
			target = 5BA55A712F02A90300CE8C6B /* iAngel */;
			targetProxy = 5BA55A8A2F02A90500CE8C6B /* PBXContainerItemProxy */;
		};
/* End PBXTargetDependency section */

/* Begin XCBuildConfiguration section */
		5BA55A912F02A90500CE8C6B /* Debug */ = {
			isa = XCBuildConfiguration;
			buildSettings = {
				ALWAYS_SEARCH_USER_PATHS = NO;
				ASSETCATALOG_COMPILER_GENERATE_SWIFT_ASSET_SYMBOL_EXTENSIONS = YES;
				CLANG_ANALYZER_NONNULL = YES;
				CLANG_ANALYZER_NUMBER_OBJECT_CONVERSION = YES_AGGRESSIVE;
				CLANG_CXX_LANGUAGE_STANDARD = "gnu++20";
				CLANG_ENABLE_MODULES = YES;
				CLANG_ENABLE_OBJC_ARC = YES;
				CLANG_ENABLE_OBJC_WEAK = YES;
				CLANG_WARN_BLOCK_CAPTURE_AUTORELEASING = YES;
				CLANG_WARN_BOOL_CONVERSION = YES;
				CLANG_WARN_COMMA = YES;
				CLANG_WARN_CONSTANT_CONVERSION = YES;
				CLANG_WARN_DEPRECATED_OBJC_IMPLEMENTATIONS = YES;
				CLANG_WARN_DIRECT_OBJC_ISA_USAGE = YES_ERROR;
				CLANG_WARN_DOCUMENTATION_COMMENTS = YES;
				CLANG_WARN_EMPTY_BODY = YES;
				CLANG_WARN_ENUM_CONVERSION = YES;
				CLANG_WARN_INFINITE_RECURSION = YES;
				CLANG_WARN_INT_CONVERSION = YES;
				CLANG_WARN_NON_LITERAL_NULL_CONVERSION = YES;
				CLANG_WARN_OBJC_IMPLICIT_RETAIN_SELF = YES;
				CLANG_WARN_OBJC_LITERAL_CONVERSION = YES;
				CLANG_WARN_OBJC_ROOT_CLASS = YES_ERROR;
				CLANG_WARN_QUOTED_INCLUDE_IN_FRAMEWORK_HEADER = YES;
				CLANG_WARN_RANGE_LOOP_ANALYSIS = YES;
				CLANG_WARN_STRICT_PROTOTYPES = YES;
				CLANG_WARN_SUSPICIOUS_MOVE = YES;
				CLANG_WARN_UNGUARDED_AVAILABILITY = YES_AGGRESSIVE;
				CLANG_WARN_UNREACHABLE_CODE = YES;
				CLANG_WARN__DUPLICATE_METHOD_MATCH = YES;
				COPY_PHASE_STRIP = NO;
				DEBUG_INFORMATION_FORMAT = dwarf;
				ENABLE_STRICT_OBJC_MSGSEND = YES;
				ENABLE_TESTABILITY = YES;
				ENABLE_USER_SCRIPT_SANDBOXING = YES;
				GCC_C_LANGUAGE_STANDARD = gnu17;
				GCC_DYNAMIC_NO_PIC = NO;
				GCC_NO_COMMON_BLOCKS = YES;
				GCC_OPTIMIZATION_LEVEL = 0;
				GCC_PREPROCESSOR_DEFINITIONS = (
					"DEBUG=1",
					"$(inherited)",
				);
				GCC_WARN_64_TO_32_BIT_CONVERSION = YES;
				GCC_WARN_ABOUT_RETURN_TYPE = YES_ERROR;
				GCC_WARN_UNDECLARED_SELECTOR = YES;
				GCC_WARN_UNINITIALIZED_AUTOS = YES_AGGRESSIVE;
				GCC_WARN_UNUSED_FUNCTION = YES;
				GCC_WARN_UNUSED_VARIABLE = YES;
				IPHONEOS_DEPLOYMENT_TARGET = 16.0;
				LOCALIZATION_PREFERS_STRING_CATALOGS = YES;
				MTL_ENABLE_DEBUG_INFO = INCLUDE_SOURCE;
				MTL_FAST_MATH = YES;
				ONLY_ACTIVE_ARCH = YES;
				SDKROOT = iphoneos;
				SWIFT_ACTIVE_COMPILATION_CONDITIONS = "DEBUG $(inherited)";
				SWIFT_OPTIMIZATION_LEVEL = "-Onone";
			};
			name = Debug;
		};
		5BA55A922F02A90500CE8C6B /* Release */ = {
			isa = XCBuildConfiguration;
			buildSettings = {
				ALWAYS_SEARCH_USER_PATHS = NO;
				ASSETCATALOG_COMPILER_GENERATE_SWIFT_ASSET_SYMBOL_EXTENSIONS = YES;
				CLANG_ANALYZER_NONNULL = YES;
				CLANG_ANALYZER_NUMBER_OBJECT_CONVERSION = YES_AGGRESSIVE;
				CLANG_CXX_LANGUAGE_STANDARD = "gnu++20";
				CLANG_ENABLE_MODULES = YES;
				CLANG_ENABLE_OBJC_ARC = YES;
				CLANG_ENABLE_OBJC_WEAK = YES;
				CLANG_WARN_BLOCK_CAPTURE_AUTORELEASING = YES;
				CLANG_WARN_BOOL_CONVERSION = YES;
				CLANG_WARN_COMMA = YES;
				CLANG_WARN_CONSTANT_CONVERSION = YES;
				CLANG_WARN_DEPRECATED_OBJC_IMPLEMENTATIONS = YES;
				CLANG_WARN_DIRECT_OBJC_ISA_USAGE = YES_ERROR;
				CLANG_WARN_DOCUMENTATION_COMMENTS = YES;
				CLANG_WARN_EMPTY_BODY = YES;
				CLANG_WARN_ENUM_CONVERSION = YES;
				CLANG_WARN_INFINITE_RECURSION = YES;
				CLANG_WARN_INT_CONVERSION = YES;
				CLANG_WARN_NON_LITERAL_NULL_CONVERSION = YES;
				CLANG_WARN_OBJC_IMPLICIT_RETAIN_SELF = YES;
				CLANG_WARN_OBJC_LITERAL_CONVERSION = YES;
				CLANG_WARN_OBJC_ROOT_CLASS = YES_ERROR;
				CLANG_WARN_QUOTED_INCLUDE_IN_FRAMEWORK_HEADER = YES;
				CLANG_WARN_RANGE_LOOP_ANALYSIS = YES;
				CLANG_WARN_STRICT_PROTOTYPES = YES;
				CLANG_WARN_SUSPICIOUS_MOVE = YES;
				CLANG_WARN_UNGUARDED_AVAILABILITY = YES_AGGRESSIVE;
				CLANG_WARN_UNREACHABLE_CODE = YES;
				CLANG_WARN__DUPLICATE_METHOD_MATCH = YES;
				COPY_PHASE_STRIP = NO;
				DEBUG_INFORMATION_FORMAT = "dwarf-with-dsym";
				ENABLE_NS_ASSERTIONS = NO;
				ENABLE_STRICT_OBJC_MSGSEND = YES;
				ENABLE_USER_SCRIPT_SANDBOXING = YES;
				GCC_C_LANGUAGE_STANDARD = gnu17;
				GCC_NO_COMMON_BLOCKS = YES;
				GCC_WARN_64_TO_32_BIT_CONVERSION = YES;
				GCC_WARN_ABOUT_RETURN_TYPE = YES_ERROR;
				GCC_WARN_UNDECLARED_SELECTOR = YES;
				GCC_WARN_UNINITIALIZED_AUTOS = YES_AGGRESSIVE;
				GCC_WARN_UNUSED_FUNCTION = YES;
				GCC_WARN_UNUSED_VARIABLE = YES;
				IPHONEOS_DEPLOYMENT_TARGET = 16.0;
				LOCALIZATION_PREFERS_STRING_CATALOGS = YES;
				MTL_ENABLE_DEBUG_INFO = NO;
				MTL_FAST_MATH = YES;
				SDKROOT = iphoneos;
				SWIFT_COMPILATION_MODE = wholemodule;
				VALIDATE_PRODUCT = YES;
			};
			name = Release;
		};
		5BA55A942F02A90500CE8C6B /* Debug */ = {
			isa = XCBuildConfiguration;
			buildSettings = {
				ASSETCATALOG_COMPILER_APPICON_NAME = AppIcon;
				ASSETCATALOG_COMPILER_GLOBAL_ACCENT_COLOR_NAME = AccentColor;
				CODE_SIGN_STYLE = Automatic;
				CURRENT_PROJECT_VERSION = 1;
				ENABLE_PREVIEWS = YES;
				GENERATE_INFOPLIST_FILE = YES;
				INFOPLIST_KEY_UIApplicationSceneManifest_Generation = YES;
				INFOPLIST_KEY_UIApplicationSupportsIndirectInputEvents = YES;
				INFOPLIST_KEY_UILaunchScreen_Generation = YES;
				INFOPLIST_KEY_UISupportedInterfaceOrientations_iPad = "UIInterfaceOrientationPortrait UIInterfaceOrientationPortraitUpsideDown UIInterfaceOrientationLandscapeLeft UIInterfaceOrientationLandscapeRight";
				INFOPLIST_KEY_UISupportedInterfaceOrientations_iPhone = "UIInterfaceOrientationPortrait UIInterfaceOrientationLandscapeLeft UIInterfaceOrientationLandscapeRight";
				LD_RUNPATH_SEARCH_PATHS = (
					"$(inherited)",
					"@executable_path/Frameworks",
				);
				MARKETING_VERSION = 1.0;
				PRODUCT_BUNDLE_IDENTIFIER = com.fil.iangel.iAngel;
				PRODUCT_NAME = "$(TARGET_NAME)";
				SWIFT_EMIT_LOC_STRINGS = YES;
				SWIFT_VERSION = 5.0;
				TARGETED_DEVICE_FAMILY = "1,2";
			};
			name = Debug;
		};
		5BA55A952F02A90500CE8C6B /* Release */ = {
			isa = XCBuildConfiguration;
			buildSettings = {
				ASSETCATALOG_COMPILER_APPICON_NAME = AppIcon;
				ASSETCATALOG_COMPILER_GLOBAL_ACCENT_COLOR_NAME = AccentColor;
				CODE_SIGN_STYLE = Automatic;
				CURRENT_PROJECT_VERSION = 1;
				ENABLE_PREVIEWS = YES;
				GENERATE_INFOPLIST_FILE = YES;
				INFOPLIST_KEY_UIApplicationSceneManifest_Generation = YES;
				INFOPLIST_KEY_UIApplicationSupportsIndirectInputEvents = YES;
				INFOPLIST_KEY_UILaunchScreen_Generation = YES;
				INFOPLIST_KEY_UISupportedInterfaceOrientations_iPad = "UIInterfaceOrientationPortrait UIInterfaceOrientationPortraitUpsideDown UIInterfaceOrientationLandscapeLeft UIInterfaceOrientationLandscapeRight";
				INFOPLIST_KEY_UISupportedInterfaceOrientations_iPhone = "UIInterfaceOrientationPortrait UIInterfaceOrientationLandscapeLeft UIInterfaceOrientationLandscapeRight";
				LD_RUNPATH_SEARCH_PATHS = (
					"$(inherited)",
					"@executable_path/Frameworks",
				);
				MARKETING_VERSION = 1.0;
				PRODUCT_BUNDLE_IDENTIFIER = com.fil.iangel.iAngel;
				PRODUCT_NAME = "$(TARGET_NAME)";
				SWIFT_EMIT_LOC_STRINGS = YES;
				SWIFT_VERSION = 5.0;
				TARGETED_DEVICE_FAMILY = "1,2";
			};
			name = Release;
		};
		5BA55A972F02A90500CE8C6B /* Debug */ = {
			isa = XCBuildConfiguration;
			buildSettings = {
				BUNDLE_LOADER = "$(TEST_HOST)";
				CODE_SIGN_STYLE = Automatic;
				CURRENT_PROJECT_VERSION = 1;
				GENERATE_INFOPLIST_FILE = YES;
				IPHONEOS_DEPLOYMENT_TARGET = 16.0;
				MARKETING_VERSION = 1.0;
				PRODUCT_BUNDLE_IDENTIFIER = com.fil.iangel.iAngelTests;
				PRODUCT_NAME = "$(TARGET_NAME)";
				SWIFT_EMIT_LOC_STRINGS = NO;
				SWIFT_VERSION = 5.0;
				TARGETED_DEVICE_FAMILY = "1,2";
				TEST_HOST = "$(BUILT_PRODUCTS_DIR)/iAngel.app/$(BUNDLE_EXECUTABLE_FOLDER_PATH)/iAngel";
			};
			name = Debug;
		};
		5BA55A982F02A90500CE8C6B /* Release */ = {
			isa = XCBuildConfiguration;
			buildSettings = {
				BUNDLE_LOADER = "$(TEST_HOST)";
				CODE_SIGN_STYLE = Automatic;
				CURRENT_PROJECT_VERSION = 1;
				GENERATE_INFOPLIST_FILE = YES;
				IPHONEOS_DEPLOYMENT_TARGET = 16.0;
				MARKETING_VERSION = 1.0;
				PRODUCT_BUNDLE_IDENTIFIER = com.fil.iangel.iAngelTests;
				PRODUCT_NAME = "$(TARGET_NAME)";
				SWIFT_EMIT_LOC_STRINGS = NO;
				SWIFT_VERSION = 5.0;
				TARGETED_DEVICE_FAMILY = "1,2";
				TEST_HOST = "$(BUILT_PRODUCTS_DIR)/iAngel.app/$(BUNDLE_EXECUTABLE_FOLDER_PATH)/iAngel";
			};
			name = Release;
		};
		5BA55A9A2F02A90500CE8C6B /* Debug */ = {
			isa = XCBuildConfiguration;
			buildSettings = {
				CODE_SIGN_STYLE = Automatic;
				CURRENT_PROJECT_VERSION = 1;
				GENERATE_INFOPLIST_FILE = YES;
				MARKETING_VERSION = 1.0;
				PRODUCT_BUNDLE_IDENTIFIER = com.fil.iangel.iAngelUITests;
				PRODUCT_NAME = "$(TARGET_NAME)";
				SWIFT_EMIT_LOC_STRINGS = NO;
				SWIFT_VERSION = 5.0;
				TARGETED_DEVICE_FAMILY = "1,2";
				TEST_TARGET_NAME = iAngel;
			};
			name = Debug;
		};
		5BA55A9B2F02A90500CE8C6B /* Release */ = {
			isa = XCBuildConfiguration;
			buildSettings = {
				CODE_SIGN_STYLE = Automatic;
				CURRENT_PROJECT_VERSION = 1;
				GENERATE_INFOPLIST_FILE = YES;
				MARKETING_VERSION = 1.0;
				PRODUCT_BUNDLE_IDENTIFIER = com.fil.iangel.iAngelUITests;
				PRODUCT_NAME = "$(TARGET_NAME)";
				SWIFT_EMIT_LOC_STRINGS = NO;
				SWIFT_VERSION = 5.0;
				TARGETED_DEVICE_FAMILY = "1,2";
				TEST_TARGET_NAME = iAngel;
			};
			name = Release;
		};
/* End XCBuildConfiguration section */

/* Begin XCConfigurationList section */
		5BA55A6D2F02A90300CE8C6B /* Build configuration list for PBXProject "iAngel" */ = {
			isa = XCConfigurationList;
			buildConfigurations = (
				5BA55A912F02A90500CE8C6B /* Debug */,
				5BA55A922F02A90500CE8C6B /* Release */,
			);
			defaultConfigurationIsVisible = 0;
			defaultConfigurationName = Release;
		};
		5BA55A932F02A90500CE8C6B /* Build configuration list for PBXNativeTarget "iAngel" */ = {
			isa = XCConfigurationList;
			buildConfigurations = (
				5BA55A942F02A90500CE8C6B /* Debug */,
				5BA55A952F02A90500CE8C6B /* Release */,
			);
			defaultConfigurationIsVisible = 0;
			defaultConfigurationName = Release;
		};
		5BA55A962F02A90500CE8C6B /* Build configuration list for PBXNativeTarget "iAngelTests" */ = {
			isa = XCConfigurationList;
			buildConfigurations = (
				5BA55A972F02A90500CE8C6B /* Debug */,
				5BA55A982F02A90500CE8C6B /* Release */,
			);
			defaultConfigurationIsVisible = 0;
			defaultConfigurationName = Release;
		};
		5BA55A992F02A90500CE8C6B /* Build configuration list for PBXNativeTarget "iAngelUITests" */ = {
			isa = XCConfigurationList;
			buildConfigurations = (
				5BA55A9A2F02A90500CE8C6B /* Debug */,
				5BA55A9B2F02A90500CE8C6B /* Release */,
			);
			defaultConfigurationIsVisible = 0;
			defaultConfigurationName = Release;
		};
/* End XCConfigurationList section */
	};
	rootObject = 5BA55A6A2F02A90300CE8C6B /* Project object */;
}
